
Microsoft Visual Studio Solution File, Format Version 12.00
# Visual Studio Version 17
VisualStudioVersion = 17.3.32825.248
MinimumVisualStudioVersion = 10.0.40219.1
Project("{FAE04EC0-301F-11D3-BF4B-00C04F79EFBC}") = "Catalogofgoods", "Catalogofgoods\Catalogofgoods.csproj", "{BA35D6A6-1AE4-4A97-A376-FFC7BE141192}"
EndProject
Global
	GlobalSection(SolutionConfigurationPlatforms) = preSolution
		Debug|Any CPU = Debug|Any CPU
		Release|Any CPU = Release|Any CPU
	EndGlobalSection
	GlobalSection(ProjectConfigurationPlatforms) = postSolution
		{BA35D6A6-1AE4-4A97-A376-FFC7BE141192}.Debug|Any CPU.ActiveCfg = Debug|Any CPU
		{BA35D6A6-1AE4-4A97-A376-FFC7BE141192}.Debug|Any CPU.Build.0 = Debug|Any CPU
		{BA35D6A6-1AE4-4A97-A376-FFC7BE141192}.Release|Any CPU.ActiveCfg = Release|Any CPU
		{BA35D6A6-1AE4-4A97-A376-FFC7BE141192}.Release|Any CPU.Build.0 = Release|Any CPU
	EndGlobalSection
	GlobalSection(SolutionProperties) = preSolution
		HideSolutionNode = FALSE
	EndGlobalSection
	GlobalSection(ExtensibilityGlobals) = postSolution
		SolutionGuid = {058F299F-5FFE-4D77-8814-06C88D4C3D75}
	EndGlobalSection
EndGlobal
